{
  "name": "baloo-ast-tools",
  "version": "1.0.0",
  "lockfileVersion": 3,
  "requires": true,
  "packages": {
    "": {
      "name": "baloo-ast-tools",
      "version": "1.0.0",
      "dependencies": {
        "@ast-grep/lang-go": "^0.0.6",
        "@ast-grep/lang-python": "^0.0.6",
        "@ast-grep/napi": "^0.44.0",
        "typebox": "^1.2.11"
      },
      "devDependencies": {
        "@types/node": "^26.1.1",
        "typescript": "^6.0.3"
      }
    },
    "node_modules/@ast-grep/lang-go": {
      "version": "0.0.6",
      "resolved": "https://registry.npmjs.org/@ast-grep/lang-go/-/lang-go-0.0.6.tgz",
      "integrity": "sha512-PZap9Rp6t+YKbLjRnFRF5aGBX3/HV9s5Rp7ZPsCM+o3tlTZDo1IqDYnFu+Oeh5Razs2U8K8ccPSJ+GBxalVhWg==",
      "hasInstallScript": true,
      "license": "ISC",
      "dependencies": {
        "@ast-grep/setup-lang": "0.0.6"
      },
      "peerDependencies": {
        "tree-sitter-cli": "0.25.8"
      },
      "peerDependenciesMeta": {
        "tree-sitter-cli": {
          "optional": true
        }
      }
    },
    "node_modules/@ast-grep/lang-python": {
      "version": "0.0.6",
      "resolved": "https://registry.npmjs.org/@ast-grep/lang-python/-/lang-python-0.0.6.tgz",
      "integrity": "sha512-eF/bEBspmrxdVuPNihvZDyyJx5qtIpGEMz9l1nNQmrji7NZcUiRNC8WwzYyQCBdy1mj8HZ0Tn4I2q3gp/6Bkiw==",
      "hasInstallScript": true,
      "license": "ISC",
      "dependencies": {
        "@ast-grep/setup-lang": "0.0.6"
      },
      "peerDependencies": {
        "tree-sitter-cli": "0.25.8"
      },
      "peerDependenciesMeta": {
        "tree-sitter-cli": {
          "optional": true
        }
      }
    },
    "node_modules/@ast-grep/napi": {
      "version": "0.44.0",
      "resolved": "https://registry.npmjs.org/@ast-grep/napi/-/napi-0.44.0.tgz",
      "integrity": "sha512-ElgKzFxOXhYEk9F/TXo/Ld5hR1fs08UiEaP1IB6PfVpGx4KPNN9ewxX+plMjfEY6avEzRE1Zy/gpFo8TijJPCg==",
      "license": "MIT",
      "engines": {
        "node": ">= 10"
      },
      "optionalDependencies": {
        "@ast-grep/napi-darwin-arm64": "0.44.0",
        "@ast-grep/napi-darwin-x64": "0.44.0",
        "@ast-grep/napi-linux-arm64-gnu": "0.44.0",
        "@ast-grep/napi-linux-arm64-musl": "0.44.0",
        "@ast-grep/napi-linux-x64-gnu": "0.44.0",
        "@ast-grep/napi-linux-x64-musl": "0.44.0",
        "@ast-grep/napi-win32-arm64-msvc": "0.44.0",
        "@ast-grep/napi-win32-ia32-msvc": "0.44.0",
        "@ast-grep/napi-win32-x64-msvc": "0.44.0"
      }
    },
    "node_modules/@ast-grep/napi-darwin-arm64": {
      "version": "0.44.0",
      "resolved": "https://registry.npmjs.org/@ast-grep/napi-darwin-arm64/-/napi-darwin-arm64-0.44.0.tgz",
      "integrity": "sha512-UKYCGkFaE/wLSXJVC4zKxpfrcEEu/Ok3ziPstIYO/nCIscBJ8cch4bStiVXucRBeZA/kqfGLjt0/iet4QYSbKw==",
      "cpu": [
        "arm64"
      ],
      "license": "MIT",
      "optional": true,
      "os": [
        "darwin"
      ],
      "engines": {
        "node": ">= 10"
      }
    },
    "node_modules/@ast-grep/napi-darwin-x64": {
      "version": "0.44.0",
      "resolved": "https://registry.npmjs.org/@ast-grep/napi-darwin-x64/-/napi-darwin-x64-0.44.0.tgz",
      "integrity": "sha512-CTKYKCDdMgOMiEqO9JPdAuJtGE6yPo8/l2pMKJFzbMlw+JmWlqFqmzLkSZBK0V8Kelcs5TSzr35biHBAgbxr+w==",
      "cpu": [
        "x64"
      ],
      "license": "MIT",
      "optional": true,
      "os": [
        "darwin"
      ],
      "engines": {
        "node": ">= 10"
      }
    },
    "node_modules/@ast-grep/napi-linux-arm64-gnu": {
      "version": "0.44.0",
      "resolved": "https://registry.npmjs.org/@ast-grep/napi-linux-arm64-gnu/-/napi-linux-arm64-gnu-0.44.0.tgz",
      "integrity": "sha512-7zEyLhWZ4WfiUO9n6BYNoq6GizJmOTP1KlSrqUjp1lkGGQW5tGobxuz/rgFXP4e4omH36pc7MKucqj0cARpz3g==",
      "cpu": [
        "arm64"
      ],
      "libc": [
        "glibc"
      ],
      "license": "MIT",
      "optional": true,
      "os": [
        "linux"
      ],
      "engines": {
        "node": ">= 10"
      }
    },
    "node_modules/@ast-grep/napi-linux-arm64-musl": {
      "version": "0.44.0",
      "resolved": "https://registry.npmjs.org/@ast-grep/napi-linux-arm64-musl/-/napi-linux-arm64-musl-0.44.0.tgz",
      "integrity": "sha512-ZOShb173UgUuTFXB6V73RqPq1wsqCmDulTW/W0889xY34koW3y13e8SmJbUK1GTmjXcjIr4whiCGgDYigByAeA==",
      "cpu": [
        "arm64"
      ],
      "libc": [
        "musl"
      ],
      "license": "MIT",
      "optional": true,
      "os": [
        "linux"
      ],
      "engines": {
        "node": ">= 10"
      }
    },
    "node_modules/@ast-grep/napi-linux-x64-gnu": {
      "version": "0.44.0",
      "resolved": "https://registry.npmjs.org/@ast-grep/napi-linux-x64-gnu/-/napi-linux-x64-gnu-0.44.0.tgz",
      "integrity": "sha512-eFto0eQY1sVKW7iLE/FTiYvl+rJ2IDoO3VZp7M+oO78Qs2F7OPqCdeo2ucf7TpcyHqbp0CHX8OGDrfngTwt/ew==",
      "cpu": [
        "x64"
      ],
      "libc": [
        "glibc"
      ],
      "license": "MIT",
      "optional": true,
      "os": [
        "linux"
      ],
      "engines": {
        "node": ">= 10"
      }
    },
    "node_modules/@ast-grep/napi-linux-x64-musl": {
      "version": "0.44.0",
      "resolved": "https://registry.npmjs.org/@ast-grep/napi-linux-x64-musl/-/napi-linux-x64-musl-0.44.0.tgz",
      "integrity": "sha512-HOODyzZM+sRLgra94v8O3l/4Eg3xEhdZ0XAKCoIPhd+DQKkI3EPlD3PgzYiN+8ExQHhtK/xmJhg7zbXr+d9lrg==",
      "cpu": [
        "x64"
      ],
      "libc": [
        "musl"
      ],
      "license": "MIT",
      "optional": true,
      "os": [
        "linux"
      ],
      "engines": {
        "node": ">= 10"
      }
    },
    "node_modules/@ast-grep/napi-win32-arm64-msvc": {
      "version": "0.44.0",
      "resolved": "https://registry.npmjs.org/@ast-grep/napi-win32-arm64-msvc/-/napi-win32-arm64-msvc-0.44.0.tgz",
      "integrity": "sha512-waCOc7sRdoDwVweUZXNQOTnHPawIwbj6Micde62Oqe8T3M1VgROWXaLkouUEkTN3crkpYrTY2+oHBkW2XFrFow==",
      "cpu": [
        "arm64"
      ],
      "license": "MIT",
      "optional": true,
      "os": [
        "win32"
      ],
      "engines": {
        "node": ">= 10"
      }
    },
    "node_modules/@ast-grep/napi-win32-ia32-msvc": {
      "version": "0.44.0",
      "resolved": "https://registry.npmjs.org/@ast-grep/napi-win32-ia32-msvc/-/napi-win32-ia32-msvc-0.44.0.tgz",
      "integrity": "sha512-Pl+Ne78j8RIax/mb9kK10MHC3L9e8YMH4ZC+vRd+oThVZBKGrI2/mo7qVYu8PnB4R2eU8f22WLDNr7nm6gO9Kw==",
      "cpu": [
        "ia32"
      ],
      "license": "MIT",
      "optional": true,
      "os": [
        "win32"
      ],
      "engines": {
        "node": ">= 10"
      }
    },
    "node_modules/@ast-grep/napi-win32-x64-msvc": {
      "version": "0.44.0",
      "resolved": "https://registry.npmjs.org/@ast-grep/napi-win32-x64-msvc/-/napi-win32-x64-msvc-0.44.0.tgz",
      "integrity": "sha512-LZE6lOtB+o3a351lpxxQz1mFp0AplYcZwVW+kMfLe4Lca6sZwy1ewt0pHZUTDH+WZYOizIO6elzWR0evDtTHwg==",
      "cpu": [
        "x64"
      ],
      "license": "MIT",
      "optional": true,
      "os": [
        "win32"
      ],
      "engines": {
        "node": ">= 10"
      }
    },
    "node_modules/@ast-grep/setup-lang": {
      "version": "0.0.6",
      "resolved": "https://registry.npmjs.org/@ast-grep/setup-lang/-/setup-lang-0.0.6.tgz",
      "integrity": "sha512-aSYZNF5nGQMxnwiA3Lcc8zi0AtpGlug47ADgqCgP/2n7p922FbnW7vo1rbW4kKjW72B/3mDdN7uvYidv8JnPnw==",
      "license": "ISC"
    },
    "node_modules/@types/node": {
      "version": "26.1.1",
      "resolved": "https://registry.npmjs.org/@types/node/-/node-26.1.1.tgz",
      "integrity": "sha512-nxAkRSVkN1Y0JC1W8ky/fTfkGsMmcrRsbx+3XoZE+rMOX71kLYTV7fLXpqud1GpbpP5TuffXFqfX7fH2GgZREw==",
      "dev": true,
      "license": "MIT",
      "dependencies": {
        "undici-types": "~8.3.0"
      }
    },
    "node_modules/typebox": {
      "version": "1.2.11",
      "resolved": "https://registry.npmjs.org/typebox/-/typebox-1.2.11.tgz",
      "integrity": "sha512-0WPn8EoKHPZiACD/mgU+TY+SP7kn5S3pPmeoOBXhkwqkX/W4XyRLfYrDC8Nnhf23OhRf+yMe/atZtyiOLbgSVg==",
      "license": "MIT"
    },
    "node_modules/typescript": {
      "version": "6.0.3",
      "resolved": "https://registry.npmjs.org/typescript/-/typescript-6.0.3.tgz",
      "integrity": "sha512-y2TvuxSZPDyQakkFRPZHKFm+KKVqIisdg9/CZwm9ftvKXLP8NRWj38/ODjNbr43SsoXqNuAisEf1GdCxqWcdBw==",
      "dev": true,
      "license": "Apache-2.0",
      "bin": {
        "tsc": "bin/tsc",
        "tsserver": "bin/tsserver"
      },
      "engines": {
        "node": ">=14.17"
      }
    },
    "node_modules/undici-types": {
      "version": "8.3.0",
      "resolved": "https://registry.npmjs.org/undici-types/-/undici-types-8.3.0.tgz",
      "integrity": "sha512-j375ScV60dom+YkPFIfTLcOiPxkN/buHz5GobjLhixFuANaNs3C9l4GmrWqejgXWJ7BbJcFYpTEUkS1Ge8bpZQ==",
      "dev": true,
      "license": "MIT"
    }
  }
}
